
Microsoft Visual Studio Solution File, Format Version 12.00
# Visual Studio Version 17
VisualStudioVersion = 17.3.32819.101
MinimumVisualStudioVersion = 10.0.40219.1
Project("{9A19103F-16F7-4668-BE54-9A1E7A4F7556}") = "SisGUAPA.API", "SisGUAPA\SisGUAPA.API.csproj", "{E7DE7B15-7D95-4E5E-8D4F-9681EAFB8112}"
EndProject
Project("{FAE04EC0-301F-11D3-BF4B-00C04F79EFBC}") = "SisGUAPA.Application", "SisGUAPA.Application\SisGUAPA.Application.csproj", "{B54B6D09-AAAF-4834-8143-C1785503AD50}"
EndProject
Project("{FAE04EC0-301F-11D3-BF4B-00C04F79EFBC}") = "SisGUAPA.Domain", "SisGUAPA.Domain\SisGUAPA.Domain.csproj", "{F5B65E56-2536-47E0-B3CB-92A7565DB74A}"
EndProject
Project("{FAE04EC0-301F-11D3-BF4B-00C04F79EFBC}") = "SisGUAPA.Infra", "SisGUAPA.Infra\SisGUAPA.Infra.csproj", "{AC8801B9-E62D-4D03-B125-97B597233CFE}"
EndProject
Project("{FAE04EC0-301F-11D3-BF4B-00C04F79EFBC}") = "SisGUAPA.Infra.Data", "SisGUAPA.Infra.Data\SisGUAPA.Infra.Data.csproj", "{1D5CDBB8-FCE0-4E1B-BC8F-7D87D01485DF}"
EndProject
Global
	GlobalSection(SolutionConfigurationPlatforms) = preSolution
		Debug|Any CPU = Debug|Any CPU
		Release|Any CPU = Release|Any CPU
	EndGlobalSection
	GlobalSection(ProjectConfigurationPlatforms) = postSolution
		{E7DE7B15-7D95-4E5E-8D4F-9681EAFB8112}.Debug|Any CPU.ActiveCfg = Debug|Any CPU
		{E7DE7B15-7D95-4E5E-8D4F-9681EAFB8112}.Debug|Any CPU.Build.0 = Debug|Any CPU
		{E7DE7B15-7D95-4E5E-8D4F-9681EAFB8112}.Release|Any CPU.ActiveCfg = Release|Any CPU
		{E7DE7B15-7D95-4E5E-8D4F-9681EAFB8112}.Release|Any CPU.Build.0 = Release|Any CPU
		{B54B6D09-AAAF-4834-8143-C1785503AD50}.Debug|Any CPU.ActiveCfg = Debug|Any CPU
		{B54B6D09-AAAF-4834-8143-C1785503AD50}.Debug|Any CPU.Build.0 = Debug|Any CPU
		{B54B6D09-AAAF-4834-8143-C1785503AD50}.Release|Any CPU.ActiveCfg = Release|Any CPU
		{B54B6D09-AAAF-4834-8143-C1785503AD50}.Release|Any CPU.Build.0 = Release|Any CPU
		{F5B65E56-2536-47E0-B3CB-92A7565DB74A}.Debug|Any CPU.ActiveCfg = Debug|Any CPU
		{F5B65E56-2536-47E0-B3CB-92A7565DB74A}.Debug|Any CPU.Build.0 = Debug|Any CPU
		{F5B65E56-2536-47E0-B3CB-92A7565DB74A}.Release|Any CPU.ActiveCfg = Release|Any CPU
		{F5B65E56-2536-47E0-B3CB-92A7565DB74A}.Release|Any CPU.Build.0 = Release|Any CPU
		{AC8801B9-E62D-4D03-B125-97B597233CFE}.Debug|Any CPU.ActiveCfg = Debug|Any CPU
		{AC8801B9-E62D-4D03-B125-97B597233CFE}.Debug|Any CPU.Build.0 = Debug|Any CPU
		{AC8801B9-E62D-4D03-B125-97B597233CFE}.Release|Any CPU.ActiveCfg = Release|Any CPU
		{AC8801B9-E62D-4D03-B125-97B597233CFE}.Release|Any CPU.Build.0 = Release|Any CPU
		{1D5CDBB8-FCE0-4E1B-BC8F-7D87D01485DF}.Debug|Any CPU.ActiveCfg = Debug|Any CPU
		{1D5CDBB8-FCE0-4E1B-BC8F-7D87D01485DF}.Debug|Any CPU.Build.0 = Debug|Any CPU
		{1D5CDBB8-FCE0-4E1B-BC8F-7D87D01485DF}.Release|Any CPU.ActiveCfg = Release|Any CPU
		{1D5CDBB8-FCE0-4E1B-BC8F-7D87D01485DF}.Release|Any CPU.Build.0 = Release|Any CPU
	EndGlobalSection
	GlobalSection(SolutionProperties) = preSolution
		HideSolutionNode = FALSE
	EndGlobalSection
	GlobalSection(ExtensibilityGlobals) = postSolution
		SolutionGuid = {F156FEEC-61F2-4713-8F5C-584911D613B1}
	EndGlobalSection
EndGlobal
